
Microsoft Visual Studio Solution File, Format Version 12.00
# Visual Studio Version 16
VisualStudioVersion = 16.0.31313.79
MinimumVisualStudioVersion = 10.0.40219.1
<<<<<<< HEAD
Project("{FAE04EC0-301F-11D3-BF4B-00C04F79EFBC}") = "EFCore.UI", "EFCore.UI\EFCore.UI.csproj", "{E27E2948-D5F2-4BB1-8950-5884AEC506B5}"
EndProject
Project("{FAE04EC0-301F-11D3-BF4B-00C04F79EFBC}") = "EFCore.Domain", "EFCore.Domain\EFCore.Domain.csproj", "{3C5C2ADB-ABEA-4A5A-B6D0-69F101766910}"
EndProject
Project("{FAE04EC0-301F-11D3-BF4B-00C04F79EFBC}") = "EFCore.Data", "EFCore.Data\EFCore.Data.csproj", "{FAC14FAD-993F-4E53-BAA2-FD25E6403F80}"
=======
Project("{9A19103F-16F7-4668-BE54-9A1E7A4F7556}") = "EFCore.Domain", "EFCore.Domain\EFCore.Domain.csproj", "{3C5C2ADB-ABEA-4A5A-B6D0-69F101766910}"
EndProject
Project("{9A19103F-16F7-4668-BE54-9A1E7A4F7556}") = "EFCore.Data", "EFCore.Data\EFCore.Data.csproj", "{FAC14FAD-993F-4E53-BAA2-FD25E6403F80}"
>>>>>>> Task4-APILayer
EndProject
Global
	GlobalSection(SolutionConfigurationPlatforms) = preSolution
		Debug|Any CPU = Debug|Any CPU
		Release|Any CPU = Release|Any CPU
	EndGlobalSection
	GlobalSection(ProjectConfigurationPlatforms) = postSolution
<<<<<<< HEAD
		{E27E2948-D5F2-4BB1-8950-5884AEC506B5}.Debug|Any CPU.ActiveCfg = Debug|Any CPU
		{E27E2948-D5F2-4BB1-8950-5884AEC506B5}.Debug|Any CPU.Build.0 = Debug|Any CPU
		{E27E2948-D5F2-4BB1-8950-5884AEC506B5}.Release|Any CPU.ActiveCfg = Release|Any CPU
		{E27E2948-D5F2-4BB1-8950-5884AEC506B5}.Release|Any CPU.Build.0 = Release|Any CPU
=======
>>>>>>> Task4-APILayer
		{3C5C2ADB-ABEA-4A5A-B6D0-69F101766910}.Debug|Any CPU.ActiveCfg = Debug|Any CPU
		{3C5C2ADB-ABEA-4A5A-B6D0-69F101766910}.Debug|Any CPU.Build.0 = Debug|Any CPU
		{3C5C2ADB-ABEA-4A5A-B6D0-69F101766910}.Release|Any CPU.ActiveCfg = Release|Any CPU
		{3C5C2ADB-ABEA-4A5A-B6D0-69F101766910}.Release|Any CPU.Build.0 = Release|Any CPU
		{FAC14FAD-993F-4E53-BAA2-FD25E6403F80}.Debug|Any CPU.ActiveCfg = Debug|Any CPU
		{FAC14FAD-993F-4E53-BAA2-FD25E6403F80}.Debug|Any CPU.Build.0 = Debug|Any CPU
		{FAC14FAD-993F-4E53-BAA2-FD25E6403F80}.Release|Any CPU.ActiveCfg = Release|Any CPU
		{FAC14FAD-993F-4E53-BAA2-FD25E6403F80}.Release|Any CPU.Build.0 = Release|Any CPU
	EndGlobalSection
	GlobalSection(SolutionProperties) = preSolution
		HideSolutionNode = FALSE
	EndGlobalSection
	GlobalSection(ExtensibilityGlobals) = postSolution
		SolutionGuid = {89B425D3-AD1A-4ED5-B9B5-19739CA8D765}
	EndGlobalSection
EndGlobal
